
Microsoft Visual Studio Solution File, Format Version 12.00
# Visual Studio Version 17
VisualStudioVersion = 17.0.31903.59
MinimumVisualStudioVersion = 10.0.40219.1
Project("{2150E333-8FDC-42A3-9474-1A3956D46DE8}") = "src", "src", "{827E0CD3-B72D-47B6-A68D-7590B98EB39B}"
EndProject
Project("{FAE04EC0-301F-11D3-BF4B-00C04F79EFBC}") = "Pedido.Api", "src\Pedido.Api\Pedido.Api.csproj", "{AFD41D8A-135A-4BE7-9B07-5DEDCC2ED0C6}"
EndProject
Project("{FAE04EC0-301F-11D3-BF4B-00C04F79EFBC}") = "Pedido.Application", "src\Pedido.Application\Pedido.Application.csproj", "{E6083FD8-7B26-49D5-9752-13FDE2D7ABFB}"
EndProject
Project("{FAE04EC0-301F-11D3-BF4B-00C04F79EFBC}") = "Pedido.Domain", "src\Pedido.Domain\Pedido.Domain.csproj", "{BC1FF42D-EFFA-4564-A54F-182FC35BD129}"
EndProject
Project("{FAE04EC0-301F-11D3-BF4B-00C04F79EFBC}") = "Pedido.Infrastructure", "src\Pedido.Infrastructure\Pedido.Infrastructure.csproj", "{637B79C1-B6A2-425E-8589-D70FD3C79C3F}"
EndProject
Project("{FAE04EC0-301F-11D3-BF4B-00C04F79EFBC}") = "Pedido.Tests", "test\Pedido.Tests\Pedido.Tests.csproj", "{B86C29D1-2B8B-6E24-AB75-E00AE109209A}"
EndProject
Global
	GlobalSection(SolutionConfigurationPlatforms) = preSolution
		Debug|Any CPU = Debug|Any CPU
		Debug|x64 = Debug|x64
		Debug|x86 = Debug|x86
		Release|Any CPU = Release|Any CPU
		Release|x64 = Release|x64
		Release|x86 = Release|x86
	EndGlobalSection
	GlobalSection(ProjectConfigurationPlatforms) = postSolution
		{AFD41D8A-135A-4BE7-9B07-5DEDCC2ED0C6}.Debug|Any CPU.ActiveCfg = Debug|Any CPU
		{AFD41D8A-135A-4BE7-9B07-5DEDCC2ED0C6}.Debug|Any CPU.Build.0 = Debug|Any CPU
		{AFD41D8A-135A-4BE7-9B07-5DEDCC2ED0C6}.Debug|x64.ActiveCfg = Debug|Any CPU
		{AFD41D8A-135A-4BE7-9B07-5DEDCC2ED0C6}.Debug|x64.Build.0 = Debug|Any CPU
		{AFD41D8A-135A-4BE7-9B07-5DEDCC2ED0C6}.Debug|x86.ActiveCfg = Debug|Any CPU
		{AFD41D8A-135A-4BE7-9B07-5DEDCC2ED0C6}.Debug|x86.Build.0 = Debug|Any CPU
		{AFD41D8A-135A-4BE7-9B07-5DEDCC2ED0C6}.Release|Any CPU.ActiveCfg = Release|Any CPU
		{AFD41D8A-135A-4BE7-9B07-5DEDCC2ED0C6}.Release|Any CPU.Build.0 = Release|Any CPU
		{AFD41D8A-135A-4BE7-9B07-5DEDCC2ED0C6}.Release|x64.ActiveCfg = Release|Any CPU
		{AFD41D8A-135A-4BE7-9B07-5DEDCC2ED0C6}.Release|x64.Build.0 = Release|Any CPU
		{AFD41D8A-135A-4BE7-9B07-5DEDCC2ED0C6}.Release|x86.ActiveCfg = Release|Any CPU
		{AFD41D8A-135A-4BE7-9B07-5DEDCC2ED0C6}.Release|x86.Build.0 = Release|Any CPU
		{E6083FD8-7B26-49D5-9752-13FDE2D7ABFB}.Debug|Any CPU.ActiveCfg = Debug|Any CPU
		{E6083FD8-7B26-49D5-9752-13FDE2D7ABFB}.Debug|Any CPU.Build.0 = Debug|Any CPU
		{E6083FD8-7B26-49D5-9752-13FDE2D7ABFB}.Debug|x64.ActiveCfg = Debug|Any CPU
		{E6083FD8-7B26-49D5-9752-13FDE2D7ABFB}.Debug|x64.Build.0 = Debug|Any CPU
		{E6083FD8-7B26-49D5-9752-13FDE2D7ABFB}.Debug|x86.ActiveCfg = Debug|Any CPU
		{E6083FD8-7B26-49D5-9752-13FDE2D7ABFB}.Debug|x86.Build.0 = Debug|Any CPU
		{E6083FD8-7B26-49D5-9752-13FDE2D7ABFB}.Release|Any CPU.ActiveCfg = Release|Any CPU
		{E6083FD8-7B26-49D5-9752-13FDE2D7ABFB}.Release|Any CPU.Build.0 = Release|Any CPU
		{E6083FD8-7B26-49D5-9752-13FDE2D7ABFB}.Release|x64.ActiveCfg = Release|Any CPU
		{E6083FD8-7B26-49D5-9752-13FDE2D7ABFB}.Release|x64.Build.0 = Release|Any CPU
		{E6083FD8-7B26-49D5-9752-13FDE2D7ABFB}.Release|x86.ActiveCfg = Release|Any CPU
		{E6083FD8-7B26-49D5-9752-13FDE2D7ABFB}.Release|x86.Build.0 = Release|Any CPU
		{BC1FF42D-EFFA-4564-A54F-182FC35BD129}.Debug|Any CPU.ActiveCfg = Debug|Any CPU
		{BC1FF42D-EFFA-4564-A54F-182FC35BD129}.Debug|Any CPU.Build.0 = Debug|Any CPU
		{BC1FF42D-EFFA-4564-A54F-182FC35BD129}.Debug|x64.ActiveCfg = Debug|Any CPU
		{BC1FF42D-EFFA-4564-A54F-182FC35BD129}.Debug|x64.Build.0 = Debug|Any CPU
		{BC1FF42D-EFFA-4564-A54F-182FC35BD129}.Debug|x86.ActiveCfg = Debug|Any CPU
		{BC1FF42D-EFFA-4564-A54F-182FC35BD129}.Debug|x86.Build.0 = Debug|Any CPU
		{BC1FF42D-EFFA-4564-A54F-182FC35BD129}.Release|Any CPU.ActiveCfg = Release|Any CPU
		{BC1FF42D-EFFA-4564-A54F-182FC35BD129}.Release|Any CPU.Build.0 = Release|Any CPU
		{BC1FF42D-EFFA-4564-A54F-182FC35BD129}.Release|x64.ActiveCfg = Release|Any CPU
		{BC1FF42D-EFFA-4564-A54F-182FC35BD129}.Release|x64.Build.0 = Release|Any CPU
		{BC1FF42D-EFFA-4564-A54F-182FC35BD129}.Release|x86.ActiveCfg = Release|Any CPU
		{BC1FF42D-EFFA-4564-A54F-182FC35BD129}.Release|x86.Build.0 = Release|Any CPU
		{637B79C1-B6A2-425E-8589-D70FD3C79C3F}.Debug|Any CPU.ActiveCfg = Debug|Any CPU
		{637B79C1-B6A2-425E-8589-D70FD3C79C3F}.Debug|Any CPU.Build.0 = Debug|Any CPU
		{637B79C1-B6A2-425E-8589-D70FD3C79C3F}.Debug|x64.ActiveCfg = Debug|Any CPU
		{637B79C1-B6A2-425E-8589-D70FD3C79C3F}.Debug|x64.Build.0 = Debug|Any CPU
		{637B79C1-B6A2-425E-8589-D70FD3C79C3F}.Debug|x86.ActiveCfg = Debug|Any CPU
		{637B79C1-B6A2-425E-8589-D70FD3C79C3F}.Debug|x86.Build.0 = Debug|Any CPU
		{637B79C1-B6A2-425E-8589-D70FD3C79C3F}.Release|Any CPU.ActiveCfg = Release|Any CPU
		{637B79C1-B6A2-425E-8589-D70FD3C79C3F}.Release|Any CPU.Build.0 = Release|Any CPU
		{637B79C1-B6A2-425E-8589-D70FD3C79C3F}.Release|x64.ActiveCfg = Release|Any CPU
		{637B79C1-B6A2-425E-8589-D70FD3C79C3F}.Release|x64.Build.0 = Release|Any CPU
		{637B79C1-B6A2-425E-8589-D70FD3C79C3F}.Release|x86.ActiveCfg = Release|Any CPU
		{637B79C1-B6A2-425E-8589-D70FD3C79C3F}.Release|x86.Build.0 = Release|Any CPU
		{B86C29D1-2B8B-6E24-AB75-E00AE109209A}.Debug|Any CPU.ActiveCfg = Debug|Any CPU
		{B86C29D1-2B8B-6E24-AB75-E00AE109209A}.Debug|Any CPU.Build.0 = Debug|Any CPU
		{B86C29D1-2B8B-6E24-AB75-E00AE109209A}.Debug|x64.ActiveCfg = Debug|Any CPU
		{B86C29D1-2B8B-6E24-AB75-E00AE109209A}.Debug|x64.Build.0 = Debug|Any CPU
		{B86C29D1-2B8B-6E24-AB75-E00AE109209A}.Debug|x86.ActiveCfg = Debug|Any CPU
		{B86C29D1-2B8B-6E24-AB75-E00AE109209A}.Debug|x86.Build.0 = Debug|Any CPU
		{B86C29D1-2B8B-6E24-AB75-E00AE109209A}.Release|Any CPU.ActiveCfg = Release|Any CPU
		{B86C29D1-2B8B-6E24-AB75-E00AE109209A}.Release|Any CPU.Build.0 = Release|Any CPU
		{B86C29D1-2B8B-6E24-AB75-E00AE109209A}.Release|x64.ActiveCfg = Release|Any CPU
		{B86C29D1-2B8B-6E24-AB75-E00AE109209A}.Release|x64.Build.0 = Release|Any CPU
		{B86C29D1-2B8B-6E24-AB75-E00AE109209A}.Release|x86.ActiveCfg = Release|Any CPU
		{B86C29D1-2B8B-6E24-AB75-E00AE109209A}.Release|x86.Build.0 = Release|Any CPU
	EndGlobalSection
	GlobalSection(SolutionProperties) = preSolution
		HideSolutionNode = FALSE
	EndGlobalSection
	GlobalSection(NestedProjects) = preSolution
		{AFD41D8A-135A-4BE7-9B07-5DEDCC2ED0C6} = {827E0CD3-B72D-47B6-A68D-7590B98EB39B}
		{E6083FD8-7B26-49D5-9752-13FDE2D7ABFB} = {827E0CD3-B72D-47B6-A68D-7590B98EB39B}
		{BC1FF42D-EFFA-4564-A54F-182FC35BD129} = {827E0CD3-B72D-47B6-A68D-7590B98EB39B}
		{637B79C1-B6A2-425E-8589-D70FD3C79C3F} = {827E0CD3-B72D-47B6-A68D-7590B98EB39B}
	EndGlobalSection
	GlobalSection(ExtensibilityGlobals) = postSolution
		SolutionGuid = {A304EB59-0457-4B9C-8795-A6E9B930DC27}
	EndGlobalSection
EndGlobal
